
Microsoft Visual Studio Solution File, Format Version 12.00
# Visual Studio Version 17
VisualStudioVersion = 17.8.34525.116
MinimumVisualStudioVersion = 10.0.40219.1
Project("{FAE04EC0-301F-11D3-BF4B-00C04F79EFBC}") = "ConsoleMatricula", "ConsoleMatricula\ConsoleMatricula.csproj", "{27611419-C257-4613-92AC-CF980D6F15E2}"
EndProject
Global
	GlobalSection(SolutionConfigurationPlatforms) = preSolution
		Debug|Any CPU = Debug|Any CPU
		Release|Any CPU = Release|Any CPU
	EndGlobalSection
	GlobalSection(ProjectConfigurationPlatforms) = postSolution
		{27611419-C257-4613-92AC-CF980D6F15E2}.Debug|Any CPU.ActiveCfg = Debug|Any CPU
		{27611419-C257-4613-92AC-CF980D6F15E2}.Debug|Any CPU.Build.0 = Debug|Any CPU
		{27611419-C257-4613-92AC-CF980D6F15E2}.Release|Any CPU.ActiveCfg = Release|Any CPU
		{27611419-C257-4613-92AC-CF980D6F15E2}.Release|Any CPU.Build.0 = Release|Any CPU
	EndGlobalSection
	GlobalSection(SolutionProperties) = preSolution
		HideSolutionNode = FALSE
	EndGlobalSection
	GlobalSection(ExtensibilityGlobals) = postSolution
		SolutionGuid = {4B9B6C45-E596-4D5B-9273-ACB713B9B23E}
	EndGlobalSection
EndGlobal
